
Microsoft Visual Studio Solution File, Format Version 12.00
# Visual Studio Version 18
VisualStudioVersion = 18.2.11415.280
MinimumVisualStudioVersion = 10.0.40219.1
Project("{FAE04EC0-301F-11D3-BF4B-00C04F79EFBC}") = "NavalPowerSystems", "NavalPowerSystems.csproj", "{9CBE0E88-C4A4-422A-B618-D1C86800F969}"
EndProject
Global
	GlobalSection(SolutionConfigurationPlatforms) = preSolution
		Debug|x64 = Debug|x64
		Release|x64 = Release|x64
	EndGlobalSection
	GlobalSection(ProjectConfigurationPlatforms) = postSolution
		{9CBE0E88-C4A4-422A-B618-D1C86800F969}.Debug|x64.ActiveCfg = Debug|x64
		{9CBE0E88-C4A4-422A-B618-D1C86800F969}.Debug|x64.Build.0 = Debug|x64
		{9CBE0E88-C4A4-422A-B618-D1C86800F969}.Release|x64.ActiveCfg = Release|x64
		{9CBE0E88-C4A4-422A-B618-D1C86800F969}.Release|x64.Build.0 = Release|x64
	EndGlobalSection
	GlobalSection(SolutionProperties) = preSolution
		HideSolutionNode = FALSE
	EndGlobalSection
	GlobalSection(ExtensibilityGlobals) = postSolution
		SolutionGuid = {901D6A61-60C9-4FF2-9DD4-22180B105C25}
	EndGlobalSection
EndGlobal
